
Microsoft Visual Studio Solution File, Format Version 12.00
# Visual Studio Version 17
VisualStudioVersion = 17.8.34525.116
MinimumVisualStudioVersion = 10.0.40219.1
Project("{FAE04EC0-301F-11D3-BF4B-00C04F79EFBC}") = "azure-app-punit-01", "azure-app-punit-01\azure-app-punit-01.csproj", "{645D8CDC-A6CA-426D-81D3-37739A4742B5}"
EndProject
Global
	GlobalSection(SolutionConfigurationPlatforms) = preSolution
		Debug|Any CPU = Debug|Any CPU
		Release|Any CPU = Release|Any CPU
	EndGlobalSection
	GlobalSection(ProjectConfigurationPlatforms) = postSolution
		{645D8CDC-A6CA-426D-81D3-37739A4742B5}.Debug|Any CPU.ActiveCfg = Debug|Any CPU
		{645D8CDC-A6CA-426D-81D3-37739A4742B5}.Debug|Any CPU.Build.0 = Debug|Any CPU
		{645D8CDC-A6CA-426D-81D3-37739A4742B5}.Release|Any CPU.ActiveCfg = Release|Any CPU
		{645D8CDC-A6CA-426D-81D3-37739A4742B5}.Release|Any CPU.Build.0 = Release|Any CPU
	EndGlobalSection
	GlobalSection(SolutionProperties) = preSolution
		HideSolutionNode = FALSE
	EndGlobalSection
	GlobalSection(ExtensibilityGlobals) = postSolution
		SolutionGuid = {F0545CC9-7C89-4135-8346-ABD69FA4A803}
	EndGlobalSection
EndGlobal
